
Microsoft Visual Studio Solution File, Format Version 12.00
# Visual Studio Version 16
VisualStudioVersion = 16.0.31624.102
MinimumVisualStudioVersion = 10.0.40219.1
Project("{FAE04EC0-301F-11D3-BF4B-00C04F79EFBC}") = "CashRegisterNStock.API", "CashRegisterNStock.API\CashRegisterNStock.API.csproj", "{08534601-747C-47A7-9885-4B8999E43C03}"
EndProject
Project("{FAE04EC0-301F-11D3-BF4B-00C04F79EFBC}") = "CashRegisterNStock.DAL", "CashRegisterNStock.DAL\CashRegisterNStock.DAL.csproj", "{6499E0C0-8938-44DE-B530-E4A3B25F1FF7}"
EndProject
Global
	GlobalSection(SolutionConfigurationPlatforms) = preSolution
		Debug|Any CPU = Debug|Any CPU
		Release|Any CPU = Release|Any CPU
	EndGlobalSection
	GlobalSection(ProjectConfigurationPlatforms) = postSolution
		{08534601-747C-47A7-9885-4B8999E43C03}.Debug|Any CPU.ActiveCfg = Debug|Any CPU
		{08534601-747C-47A7-9885-4B8999E43C03}.Debug|Any CPU.Build.0 = Debug|Any CPU
		{08534601-747C-47A7-9885-4B8999E43C03}.Release|Any CPU.ActiveCfg = Release|Any CPU
		{08534601-747C-47A7-9885-4B8999E43C03}.Release|Any CPU.Build.0 = Release|Any CPU
		{6499E0C0-8938-44DE-B530-E4A3B25F1FF7}.Debug|Any CPU.ActiveCfg = Debug|Any CPU
		{6499E0C0-8938-44DE-B530-E4A3B25F1FF7}.Debug|Any CPU.Build.0 = Debug|Any CPU
		{6499E0C0-8938-44DE-B530-E4A3B25F1FF7}.Release|Any CPU.ActiveCfg = Release|Any CPU
		{6499E0C0-8938-44DE-B530-E4A3B25F1FF7}.Release|Any CPU.Build.0 = Release|Any CPU
	EndGlobalSection
	GlobalSection(SolutionProperties) = preSolution
		HideSolutionNode = FALSE
	EndGlobalSection
	GlobalSection(ExtensibilityGlobals) = postSolution
		SolutionGuid = {2442F320-793D-4DFB-A297-1C1542FE6839}
	EndGlobalSection
EndGlobal
